
Microsoft Visual Studio Solution File, Format Version 12.00
# Visual Studio Version 16
VisualStudioVersion = 16.0.31112.23
MinimumVisualStudioVersion = 10.0.40219.1
Project("{FAE04EC0-301F-11D3-BF4B-00C04F79EFBC}") = "ConsoleApp1", "ConsoleApp1\ConsoleApp1.csproj", "{B269E5D0-D388-4045-B137-9E42A0D89BCC}"
EndProject
Global
	GlobalSection(SolutionConfigurationPlatforms) = preSolution
		Debug|Any CPU = Debug|Any CPU
		Release|Any CPU = Release|Any CPU
	EndGlobalSection
	GlobalSection(ProjectConfigurationPlatforms) = postSolution
		{B269E5D0-D388-4045-B137-9E42A0D89BCC}.Debug|Any CPU.ActiveCfg = Debug|Any CPU
		{B269E5D0-D388-4045-B137-9E42A0D89BCC}.Debug|Any CPU.Build.0 = Debug|Any CPU
		{B269E5D0-D388-4045-B137-9E42A0D89BCC}.Release|Any CPU.ActiveCfg = Release|Any CPU
		{B269E5D0-D388-4045-B137-9E42A0D89BCC}.Release|Any CPU.Build.0 = Release|Any CPU
	EndGlobalSection
	GlobalSection(SolutionProperties) = preSolution
		HideSolutionNode = FALSE
	EndGlobalSection
	GlobalSection(ExtensibilityGlobals) = postSolution
		SolutionGuid = {0EE1864B-827D-4FC7-B6C6-B441990822B9}
	EndGlobalSection
EndGlobal
